
Microsoft Visual Studio Solution File, Format Version 12.00
# Visual Studio Version 16
VisualStudioVersion = 16.0.31025.194
MinimumVisualStudioVersion = 10.0.40219.1
Project("{FAE04EC0-301F-11D3-BF4B-00C04F79EFBC}") = "Lab1_Starter", "Lab1_Starter\Lab1_Starter.csproj", "{8400A099-88F7-49DF-9C4F-27F94CBA29BA}"
EndProject
Global
	GlobalSection(SolutionConfigurationPlatforms) = preSolution
		Debug|Any CPU = Debug|Any CPU
		Release|Any CPU = Release|Any CPU
	EndGlobalSection
	GlobalSection(ProjectConfigurationPlatforms) = postSolution
		{8400A099-88F7-49DF-9C4F-27F94CBA29BA}.Debug|Any CPU.ActiveCfg = Debug|Any CPU
		{8400A099-88F7-49DF-9C4F-27F94CBA29BA}.Debug|Any CPU.Build.0 = Debug|Any CPU
		{8400A099-88F7-49DF-9C4F-27F94CBA29BA}.Release|Any CPU.ActiveCfg = Release|Any CPU
		{8400A099-88F7-49DF-9C4F-27F94CBA29BA}.Release|Any CPU.Build.0 = Release|Any CPU
	EndGlobalSection
	GlobalSection(SolutionProperties) = preSolution
		HideSolutionNode = FALSE
	EndGlobalSection
	GlobalSection(ExtensibilityGlobals) = postSolution
		SolutionGuid = {E397038F-FBBA-4867-AF96-3F82DC77EDDE}
	EndGlobalSection
EndGlobal
